# This file is automatically @generated by Poetry 1.4.2 and should not be changed by hand.

[[package]]
name = "bitarray"
version = "2.7.3"
description = "efficient arrays of booleans -- C extension"
category = "main"
optional = false
python-versions = "*"
files = [
    {file = "bitarray-2.7.3-cp310-cp310-macosx_10_9_universal2.whl", hash = "sha256:979d42e0b2c3113526f9716a461e08671788a23ce7e3b5cd090ce3e6a6762641"},
    {file = "bitarray-2.7.3-cp310-cp310-macosx_10_9_x86_64.whl", hash = "sha256:860edf8533223d82bd6201894bcaf540f828f49075f363390eecf04b12fb94cb"},
    {file = "bitarray-2.7.3-cp310-cp310-macosx_11_0_arm64.whl", hash = "sha256:78378d8dacbe1f4f263347f42ec0a41cc2097cd671c6ac30a65a838284a5e141"},
    {file = "bitarray-2.7.3-cp310-cp310-manylinux_2_17_aarch64.manylinux2014_aarch64.whl", hash = "sha256:888df211aafe5fad41c0792a686d95c8ba37345d5037f437aa3c09608f9c3b56"},
    {file = "bitarray-2.7.3-cp310-cp310-manylinux_2_17_ppc64le.manylinux2014_ppc64le.whl", hash = "sha256:fb3f003dee96dbf24a6df71443557f249b17b20083c189995302b14eb01530bf"},
    {file = "bitarray-2.7.3-cp310-cp310-manylinux_2_17_s390x.manylinux2014_s390x.whl", hash = "sha256:c531532c21bc1063e65957a1a85a2d13601ec21801f70821c89d9339b16ebc78"},
    {file = "bitarray-2.7.3-cp310-cp310-manylinux_2_17_x86_64.manylinux2014_x86_64.whl", hash = "sha256:8b8fd92c8026e4ba6874e94f538890e35bef2a3a18ea54e3663c578b7916ade1"},
    {file = "bitarray-2.7.3-cp310-cp310-manylinux_2_5_i686.manylinux1_i686.manylinux_2_17_i686.manylinux2014_i686.whl", hash = "sha256:6d19c34a2121eccfeb642d4ad71163bd3342a8f3a99e6724fe824bdfbc0a5b65"},
    {file = "bitarray-2.7.3-cp310-cp310-musllinux_1_1_aarch64.whl", hash = "sha256:102db74ee82ec5774aba01481e73eedaebd27ba167344a81d3b42e6fbf9ffb77"},
    {file = "bitarray-2.7.3-cp310-cp310-musllinux_1_1_i686.whl", hash = "sha256:7f6540b45b2230442f7a0614745131e0a6f28251f5d33ac19d0ed61d80db7153"},
    {file = "bitarray-2.7.3-cp310-cp310-musllinux_1_1_ppc64le.whl", hash = "sha256:99c9345c417a9cff98f9f6e59b0350dcc10c2e0e1ea66acf7946de1cd60541fa"},
    {file = "bitarray-2.7.3-cp310-cp310-musllinux_1_1_s390x.whl", hash = "sha256:a1d439c98e65ab8e5fbcc2b242a16e7a3f076974bff78185ff42ba2d4c220032"},
    {file = "bitarray-2.7.3-cp310-cp310-musllinux_1_1_x86_64.whl", hash = "sha256:87897ec0e4876c9f2c1ae313519de0ed2ad8041a4d2210a083f9b4a239add2e3"},
    {file = "bitarray-2.7.3-cp310-cp310-win32.whl", hash = "sha256:cb46c3a4002c8322dd0e1b4b53f8a647dcb0f199f5c7a1fc03d3880c3eabbd2c"},
    {file = "bitarray-2.7.3-cp310-cp310-win_amd64.whl", hash = "sha256:5df10eb9b794932b0cf806f412d1c6d04fb7655ca7ae5caf6354b9edc380a5f7"},
    {file = "bitarray-2.7.3-cp311-cp311-macosx_10_9_universal2.whl", hash = "sha256:27524bc92fdeb464a5057a4677a35f482cf30be2e920bd1d11c46de533cafda6"},
    {file = "bitarray-2.7.3-cp311-cp311-macosx_10_9_x86_64.whl", hash = "sha256:3cf37431de779b29e5c0d8e36868f77f6df53c3c19c20e8404137e257dc80040"},
    {file = "bitarray-2.7.3-cp311-cp311-macosx_11_0_arm64.whl", hash = "sha256:8abd23f94cdcce971d932a5f0a066d40fbc61901fd087aa70d32cccd1793bd20"},
    {file = "bitarray-2.7.3-cp311-cp311-manylinux_2_17_aarch64.manylinux2014_aarch64.whl", hash = "sha256:7659bdfe7716b14a39007e31e957fa64d7f0d9e40a1dbd024bd81b972d76bffb"},
    {file = "bitarray-2.7.3-cp311-cp311-manylinux_2_17_ppc64le.manylinux2014_ppc64le.whl", hash = "sha256:da1570f301abdfda68f4fdb40c4d3f09af4bb6e4550b4fa5395db0d142b680bc"},
    {file = "bitarray-2.7.3-cp311-cp311-manylinux_2_17_s390x.manylinux2014_s390x.whl", hash = "sha256:8becbb9649fd29ee577f9f0405ce2fba5cf9fa2c290c9b044bc235c04473f213"},
    {file = "bitarray-2.7.3-cp311-cp311-manylinux_2_17_x86_64.manylinux2014_x86_64.whl", hash = "sha256:72fd7f6f940bc42914c86700591ccfd1daeff0e414cefcbd7843117df2fac4e9"},
    {file = "bitarray-2.7.3-cp311-cp311-manylinux_2_5_i686.manylinux1_i686.manylinux_2_17_i686.manylinux2014_i686.whl", hash = "sha256:23b7bada6d6b62cba08f4a1b8a95da2d8592aae1db3c167dcb52abcba0a7bef5"},
    {file = "bitarray-2.7.3-cp311-cp311-musllinux_1_1_aarch64.whl", hash = "sha256:4b2d150a81a981537801ac7d4f4f5d082c48343612a21f4e2c4cd2e887973bd5"},
    {file = "bitarray-2.7.3-cp311-cp311-musllinux_1_1_i686.whl", hash = "sha256:1502660ab489b1f18c3493c766252cd5d24bc1cbf4bdf3594e0a30de142ed453"},
    {file = "bitarray-2.7.3-cp311-cp311-musllinux_1_1_ppc64le.whl", hash = "sha256:91f43f6b6c9129a56d3e2dccb8b88ffce0e4f4893dd9d69d285676bdf5b9ca14"},
    {file = "bitarray-2.7.3-cp311-cp311-musllinux_1_1_s390x.whl", hash = "sha256:a69c99274aee2ffdc7f1cfd34044ccb7155790d6f5217d677ea46a6ddead6dd2"},
    {file = "bitarray-2.7.3-cp311-cp311-musllinux_1_1_x86_64.whl", hash = "sha256:d63f20299441e32171f08fc62f7ea7e401cc12a96f67a36ab2d76439ecfcb118"},
    {file = "bitarray-2.7.3-cp311-cp311-win32.whl", hash = "sha256:0b84fd9dbf999cbca1090a7703aa1404cd01af4035c6ba3adf69d41280611fb6"},
    {file = "bitarray-2.7.3-cp311-cp311-win_amd64.whl", hash = "sha256:76bbbb9ceebb9cbb2b14369b3681fecab226792b339f612e79f6575ca31fed45"},
    {file = "bitarray-2.7.3-cp36-cp36m-macosx_10_9_x86_64.whl", hash = "sha256:50d5e2c026b3e3d145f64c457338ea99edcbdd302fdcbd96418251ac51a98a59"},
    {file = "bitarray-2.7.3-cp36-cp36m-manylinux_2_17_aarch64.manylinux2014_aarch64.whl", hash = "sha256:7d571056115bbdc18f199a9ee4c2a1b5884f5e63a3c05fe43d2fc7fc67320515"},
    {file = "bitarray-2.7.3-cp36-cp36m-manylinux_2_17_ppc64le.manylinux2014_ppc64le.whl", hash = "sha256:e2a0313657e6656efca2148cfc91c50fdafca6f811b6c7d0906e6ba57134e560"},
    {file = "bitarray-2.7.3-cp36-cp36m-manylinux_2_17_s390x.manylinux2014_s390x.whl", hash = "sha256:d3b5abb73c45d40d27f9795dac9d6eb1515729c13f93dd67df2be07be6549990"},
    {file = "bitarray-2.7.3-cp36-cp36m-manylinux_2_17_x86_64.manylinux2014_x86_64.whl", hash = "sha256:7776c070943f45cd8303543a6625cf82f2e000ef9c885d52d7828be099e52f42"},
    {file = "bitarray-2.7.3-cp36-cp36m-manylinux_2_5_i686.manylinux1_i686.manylinux_2_17_i686.manylinux2014_i686.whl", hash = "sha256:057f9c53a34e42deed6e8813a82b9c85924f4728be28e3b9b65144569ac5a387"},
    {file = "bitarray-2.7.3-cp36-cp36m-musllinux_1_1_aarch64.whl", hash = "sha256:8591ad5768860ad186dc94fd58b2932604a7639b57eefbbff2b4865af3407691"},
    {file = "bitarray-2.7.3-cp36-cp36m-musllinux_1_1_i686.whl", hash = "sha256:bd7f4b2df89bf4e298756c0be0be67fb84d6aa49bda60d46805d43f0e643abd5"},
    {file = "bitarray-2.7.3-cp36-cp36m-musllinux_1_1_ppc64le.whl", hash = "sha256:433f91c8ab8338662aaa86b0677e6c15c35f8f7b65d4c43d7d1647a8198bc0b0"},
    {file = "bitarray-2.7.3-cp36-cp36m-musllinux_1_1_s390x.whl", hash = "sha256:31e60d8341c3189aa156ca8cb2f6370b29d79cf132e3d091714b0a5a9097eb69"},
    {file = "bitarray-2.7.3-cp36-cp36m-musllinux_1_1_x86_64.whl", hash = "sha256:ea33ed09157e032f0a7a2627ef87f156e9927697f59b55961439d34bf45af23a"},
    {file = "bitarray-2.7.3-cp36-cp36m-win32.whl", hash = "sha256:302149aaff75939beb8af7f32ac9bf922480033a24fb54f4ebc0c9dc175247c4"},
    {file = "bitarray-2.7.3-cp36-cp36m-win_amd64.whl", hash = "sha256:7a8995737fae8de03b31ed83acf4f4326a55b217022009d18be19ff87fc9010e"},
    {file = "bitarray-2.7.3-cp37-cp37m-macosx_10_9_x86_64.whl", hash = "sha256:8b2f31a4cc28aef27355ab896e4b4cc2da2204b2b7adb674d8be7fefa0c93868"},
    {file = "bitarray-2.7.3-cp37-cp37m-manylinux_2_17_aarch64.manylinux2014_aarch64.whl", hash = "sha256:b5df624ee8a4098c3b1149f4817f2a4a0121c4920e1c114af324bc52d6659e2b"},
    {file = "bitarray-2.7.3-cp37-cp37m-manylinux_2_17_ppc64le.manylinux2014_ppc64le.whl", hash = "sha256:cb1d60ed709989e34e7158d97fdb077a2f2dfc505998a84161a70f81a6101172"},
    {file = "bitarray-2.7.3-cp37-cp37m-manylinux_2_17_s390x.manylinux2014_s390x.whl", hash = "sha256:748847e58c45a37f23db1f53a6dc16ae32aa80ee504653d79336830de1a79ed7"},
    {file = "bitarray-2.7.3-cp37-cp37m-manylinux_2_17_x86_64.manylinux2014_x86_64.whl", hash = "sha256:e4b7fdb9772e087174f446655bbc497a1600b5758f279c6d44fcf344c13d5c8a"},
    {file = "bitarray-2.7.3-cp37-cp37m-manylinux_2_5_i686.manylinux1_i686.manylinux_2_17_i686.manylinux2014_i686.whl", hash = "sha256:86e9c48ffeddb0f943e87ab65e1e95dccc9b44ef3761af3bf9642973ab7646d2"},
    {file = "bitarray-2.7.3-cp37-cp37m-musllinux_1_1_aarch64.whl", hash = "sha256:0d1f49cc51919d6fa0f7eebd073d2c620b80079aa537d084a7fafb46a35c7a4d"},
    {file = "bitarray-2.7.3-cp37-cp37m-musllinux_1_1_i686.whl", hash = "sha256:b43d56c7c96f5a055f4051be426496db2a616840645d0ab3733d5ceacb2f701b"},
    {file = "bitarray-2.7.3-cp37-cp37m-musllinux_1_1_ppc64le.whl", hash = "sha256:01f8d02c3eae82c98d4259777cb2f042a0b3989d7dceeb37c643cb94b91d5a42"},
    {file = "bitarray-2.7.3-cp37-cp37m-musllinux_1_1_s390x.whl", hash = "sha256:d089b1d0b157c9a484f8f7475eecea813d0dc3818adc5bf352903da14fe88fc3"},
    {file = "bitarray-2.7.3-cp37-cp37m-musllinux_1_1_x86_64.whl", hash = "sha256:1362e9fb78ca72aa52ec1f1fbd62872801302001b0156ed2a1e707850cd30ffd"},
    {file = "bitarray-2.7.3-cp37-cp37m-win32.whl", hash = "sha256:2cdf5700537e5aa4ec9f4a0b498b8d5b03b9859d503e01ea17a6a134a838aa30"},
    {file = "bitarray-2.7.3-cp37-cp37m-win_amd64.whl", hash = "sha256:1e1553933f4533040491f4e4499bcbbfcee42c4056f56d7e18010e779daab33d"},
    {file = "bitarray-2.7.3-cp38-cp38-macosx_10_9_universal2.whl", hash = "sha256:1048a29b3d72b1821a3ae9e8d64e71ed96c53a1a36b1da6db02091a424a8f795"},
    {file = "bitarray-2.7.3-cp38-cp38-macosx_10_9_x86_64.whl", hash = "sha256:10dc358fe29d7a4c5be78ab2fb5aa50cb8066babd23e0b5589eb68e26afe58d8"},
    {file = "bitarray-2.7.3-cp38-cp38-macosx_11_0_arm64.whl", hash = "sha256:8ab6770833976448a9a973bc0df63adedc4c30de4774cec5a9928fc496423ebb"},
    {file = "bitarray-2.7.3-cp38-cp38-manylinux_2_17_aarch64.manylinux2014_aarch64.whl", hash = "sha256:4abe2f829f6f2d330bccf1bcde2192264ab9a15d6d00e507265f46dc66557014"},
    {file = "bitarray-2.7.3-cp38-cp38-manylinux_2_17_ppc64le.manylinux2014_ppc64le.whl", hash = "sha256:87851a82bdf849e3c40ff6d8af5f734634e17f52a8f7f7e74486c2f8ce717578"},
    {file = "bitarray-2.7.3-cp38-cp38-manylinux_2_17_s390x.manylinux2014_s390x.whl", hash = "sha256:a5fc2512bdf5289a1412c936c65d17881d2b46edb0036c63a8d5605dc8d398a3"},
    {file = "bitarray-2.7.3-cp38-cp38-manylinux_2_17_x86_64.manylinux2014_x86_64.whl", hash = "sha256:1289f408a8b5c87cdb4fd7975d4021c6e61209ccb956d0411e72bf43c7f78463"},
    {file = "bitarray-2.7.3-cp38-cp38-manylinux_2_5_i686.manylinux1_i686.manylinux_2_17_i686.manylinux2014_i686.whl", hash = "sha256:9ee181cc00aaba38d9812f4df4e7d828105b6dde3b068cd2c43f1d8f395e0046"},
    {file = "bitarray-2.7.3-cp38-cp38-musllinux_1_1_aarch64.whl", hash = "sha256:00e93f70cbcbeabd1e79accf1b6f5b2424cd40556e7877f618549523d0031c98"},
    {file = "bitarray-2.7.3-cp38-cp38-musllinux_1_1_i686.whl", hash = "sha256:3fb6a952796d16c3a309d866eef56a8f4e5591d112c22446e67d33ecb096b44b"},
    {file = "bitarray-2.7.3-cp38-cp38-musllinux_1_1_ppc64le.whl", hash = "sha256:0fe747a134f7f5bc0877eee58090ae7e7f23628eeb459f681ade65719c3f246a"},
    {file = "bitarray-2.7.3-cp38-cp38-musllinux_1_1_s390x.whl", hash = "sha256:2c1b2c91bf991b5c641faee78dd5a751dff6155ec51c7a6c7f922dc85431898e"},
    {file = "bitarray-2.7.3-cp38-cp38-musllinux_1_1_x86_64.whl", hash = "sha256:c3956ae54285ab30d802756144887e30e013f81c9f03e5ffff9daa46d8ca0154"},
    {file = "bitarray-2.7.3-cp38-cp38-win32.whl", hash = "sha256:00a6fc4355bd4e6ead54d05187dc4ea39f0af439b336ae113f0194673ed730ae"},
    {file = "bitarray-2.7.3-cp38-cp38-win_amd64.whl", hash = "sha256:305e6f7441c007f296644ba3899c0306ce9fd7a482dbbc06b6e7b7bd6e0ddabc"},
    {file = "bitarray-2.7.3-cp39-cp39-macosx_10_9_universal2.whl", hash = "sha256:fe80c23409efb41b86efb5e45f334420a9b5b7828f5b3d08b5ff28f03a024d9e"},
    {file = "bitarray-2.7.3-cp39-cp39-macosx_10_9_x86_64.whl", hash = "sha256:16345146b61e93ca20679c83537ccf7245f78b17035f5b1a436fd2b75da04c5e"},
    {file = "bitarray-2.7.3-cp39-cp39-macosx_11_0_arm64.whl", hash = "sha256:1af9b720a048c69e999094e2310138b7cfca5471a9d2c1dbe4b53dd10e516720"},
    {file = "bitarray-2.7.3-cp39-cp39-manylinux_2_17_aarch64.manylinux2014_aarch64.whl", hash = "sha256:088e6e9ea7f0eaf8b672679a68096dbc0a7a7b7a4ed567860f7362e1588370a6"},
    {file = "bitarray-2.7.3-cp39-cp39-manylinux_2_17_ppc64le.manylinux2014_ppc64le.whl", hash = "sha256:122cd70ee0de2cc9d94da8b8ebcb7dca12b9f4d3beefb94c11e110e1d87503bb"},
    {file = "bitarray-2.7.3-cp39-cp39-manylinux_2_17_s390x.manylinux2014_s390x.whl", hash = "sha256:cb9a8ee23416bd0cfd457118978bc2f6f02c20b95336db486887f670bf92c2b7"},
    {file = "bitarray-2.7.3-cp39-cp39-manylinux_2_17_x86_64.manylinux2014_x86_64.whl", hash = "sha256:9a544f99c24b6f658907eb9edf290a9c54f4106738b2ab84cd19dc6013cc3abf"},
    {file = "bitarray-2.7.3-cp39-cp39-manylinux_2_5_i686.manylinux1_i686.manylinux_2_17_i686.manylinux2014_i686.whl", hash = "sha256:980f6564218f853a9341fb045446539d4153338926ed2fb222e86dc9b2ae9b8f"},
    {file = "bitarray-2.7.3-cp39-cp39-musllinux_1_1_aarch64.whl", hash = "sha256:f64abe9301b918d2c352e42198cea0196f3639bc1ad23a4a9d8ae97f66068901"},
    {file = "bitarray-2.7.3-cp39-cp39-musllinux_1_1_i686.whl", hash = "sha256:029c724bf38c6616b90b1c423b846b63f8d607ed5a23d270e3862696d88a5392"},
    {file = "bitarray-2.7.3-cp39-cp39-musllinux_1_1_ppc64le.whl", hash = "sha256:16cb00911584a6e9ca0f42c305714898120dc6bfbbec90dacedeed4690331a47"},
    {file = "bitarray-2.7.3-cp39-cp39-musllinux_1_1_s390x.whl", hash = "sha256:699b0134e87c0c4e3b224d879d218c4385a06e6b72df73b4c9c9d549155fb837"},
    {file = "bitarray-2.7.3-cp39-cp39-musllinux_1_1_x86_64.whl", hash = "sha256:b508e1bba4ec68fd0ef28505e2dad2f56de7df710c8334c97036705a562cb908"},
    {file = "bitarray-2.7.3-cp39-cp39-win32.whl", hash = "sha256:4b84230624d15868e407ba8b66df54fc69ee6a9e9cb6d51eb264b8f2614596f1"},
    {file = "bitarray-2.7.3-cp39-cp39-win_amd64.whl", hash = "sha256:757a08bf0aed5a650a399f8c66bcba00c210bce34408b6d7b09b4837bee8f4da"},
    {file = "bitarray-2.7.3.tar.gz", hash = "sha256:f71256a32609b036adad932e1228b66a6b4e2cae6be397e588ddc0babd9a78b9"},
]

[[package]]
name = "numpy"
version = "1.24.2"
description = "Fundamental package for array computing in Python"
category = "main"
optional = false
python-versions = ">=3.8"
files = [
    {file = "numpy-1.24.2-cp310-cp310-macosx_10_9_x86_64.whl", hash = "sha256:eef70b4fc1e872ebddc38cddacc87c19a3709c0e3e5d20bf3954c147b1dd941d"},
    {file = "numpy-1.24.2-cp310-cp310-macosx_11_0_arm64.whl", hash = "sha256:e8d2859428712785e8a8b7d2b3ef0a1d1565892367b32f915c4a4df44d0e64f5"},
    {file = "numpy-1.24.2-cp310-cp310-manylinux_2_17_aarch64.manylinux2014_aarch64.whl", hash = "sha256:6524630f71631be2dabe0c541e7675db82651eb998496bbe16bc4f77f0772253"},
    {file = "numpy-1.24.2-cp310-cp310-manylinux_2_17_x86_64.manylinux2014_x86_64.whl", hash = "sha256:a51725a815a6188c662fb66fb32077709a9ca38053f0274640293a14fdd22978"},
    {file = "numpy-1.24.2-cp310-cp310-win32.whl", hash = "sha256:2620e8592136e073bd12ee4536149380695fbe9ebeae845b81237f986479ffc9"},
    {file = "numpy-1.24.2-cp310-cp310-win_amd64.whl", hash = "sha256:97cf27e51fa078078c649a51d7ade3c92d9e709ba2bfb97493007103c741f1d0"},
    {file = "numpy-1.24.2-cp311-cp311-macosx_10_9_x86_64.whl", hash = "sha256:7de8fdde0003f4294655aa5d5f0a89c26b9f22c0a58790c38fae1ed392d44a5a"},
    {file = "numpy-1.24.2-cp311-cp311-macosx_11_0_arm64.whl", hash = "sha256:4173bde9fa2a005c2c6e2ea8ac1618e2ed2c1c6ec8a7657237854d42094123a0"},
    {file = "numpy-1.24.2-cp311-cp311-manylinux_2_17_aarch64.manylinux2014_aarch64.whl", hash = "sha256:4cecaed30dc14123020f77b03601559fff3e6cd0c048f8b5289f4eeabb0eb281"},
    {file = "numpy-1.24.2-cp311-cp311-manylinux_2_17_x86_64.manylinux2014_x86_64.whl", hash = "sha256:9a23f8440561a633204a67fb44617ce2a299beecf3295f0d13c495518908e910"},
    {file = "numpy-1.24.2-cp311-cp311-win32.whl", hash = "sha256:e428c4fbfa085f947b536706a2fc349245d7baa8334f0c5723c56a10595f9b95"},
    {file = "numpy-1.24.2-cp311-cp311-win_amd64.whl", hash = "sha256:557d42778a6869c2162deb40ad82612645e21d79e11c1dc62c6e82a2220ffb04"},
    {file = "numpy-1.24.2-cp38-cp38-macosx_10_9_x86_64.whl", hash = "sha256:d0a2db9d20117bf523dde15858398e7c0858aadca7c0f088ac0d6edd360e9ad2"},
    {file = "numpy-1.24.2-cp38-cp38-macosx_11_0_arm64.whl", hash = "sha256:c72a6b2f4af1adfe193f7beb91ddf708ff867a3f977ef2ec53c0ffb8283ab9f5"},
    {file = "numpy-1.24.2-cp38-cp38-manylinux_2_17_aarch64.manylinux2014_aarch64.whl", hash = "sha256:c29e6bd0ec49a44d7690ecb623a8eac5ab8a923bce0bea6293953992edf3a76a"},
    {file = "numpy-1.24.2-cp38-cp38-manylinux_2_17_x86_64.manylinux2014_x86_64.whl", hash = "sha256:2eabd64ddb96a1239791da78fa5f4e1693ae2dadc82a76bc76a14cbb2b966e96"},
    {file = "numpy-1.24.2-cp38-cp38-win32.whl", hash = "sha256:e3ab5d32784e843fc0dd3ab6dcafc67ef806e6b6828dc6af2f689be0eb4d781d"},
    {file = "numpy-1.24.2-cp38-cp38-win_amd64.whl", hash = "sha256:76807b4063f0002c8532cfeac47a3068a69561e9c8715efdad3c642eb27c0756"},
    {file = "numpy-1.24.2-cp39-cp39-macosx_10_9_x86_64.whl", hash = "sha256:4199e7cfc307a778f72d293372736223e39ec9ac096ff0a2e64853b866a8e18a"},
    {file = "numpy-1.24.2-cp39-cp39-macosx_11_0_arm64.whl", hash = "sha256:adbdce121896fd3a17a77ab0b0b5eedf05a9834a18699db6829a64e1dfccca7f"},
    {file = "numpy-1.24.2-cp39-cp39-manylinux_2_17_aarch64.manylinux2014_aarch64.whl", hash = "sha256:889b2cc88b837d86eda1b17008ebeb679d82875022200c6e8e4ce6cf549b7acb"},
    {file = "numpy-1.24.2-cp39-cp39-manylinux_2_17_x86_64.manylinux2014_x86_64.whl", hash = "sha256:f64bb98ac59b3ea3bf74b02f13836eb2e24e48e0ab0145bbda646295769bd780"},
    {file = "numpy-1.24.2-cp39-cp39-win32.whl", hash = "sha256:63e45511ee4d9d976637d11e6c9864eae50e12dc9598f531c035265991910468"},
    {file = "numpy-1.24.2-cp39-cp39-win_amd64.whl", hash = "sha256:a77d3e1163a7770164404607b7ba3967fb49b24782a6ef85d9b5f54126cc39e5"},
    {file = "numpy-1.24.2-pp38-pypy38_pp73-macosx_10_9_x86_64.whl", hash = "sha256:92011118955724465fb6853def593cf397b4a1367495e0b59a7e69d40c4eb71d"},
    {file = "numpy-1.24.2-pp38-pypy38_pp73-manylinux_2_17_x86_64.manylinux2014_x86_64.whl", hash = "sha256:f9006288bcf4895917d02583cf3411f98631275bc67cce355a7f39f8c14338fa"},
    {file = "numpy-1.24.2-pp38-pypy38_pp73-win_amd64.whl", hash = "sha256:150947adbdfeceec4e5926d956a06865c1c690f2fd902efede4ca6fe2e657c3f"},
    {file = "numpy-1.24.2.tar.gz", hash = "sha256:003a9f530e880cb2cd177cba1af7220b9aa42def9c4afc2a2fc3ee6be7eb2b22"},
]

[[package]]
name = "pyqt6"
version = "6.5.0"
description = "Python bindings for the Qt cross platform application toolkit"
category = "main"
optional = false
python-versions = ">=3.6.1"
files = [
    {file = "PyQt6-6.5.0-1-cp37-abi3-macosx_10_14_universal2.whl", hash = "sha256:b3f2bf611e7f09c25f5decb82fc27bbe63fcc498e63bf11d17e23916d716c805"},
    {file = "PyQt6-6.5.0-1-cp37-abi3-manylinux_2_28_x86_64.whl", hash = "sha256:6f3d232fe2abb02689d23a83f9629ccca6d57a36384688cd6411700ff5cf43f2"},
    {file = "PyQt6-6.5.0-1-cp37-abi3-win_amd64.whl", hash = "sha256:952ba3b50c10f61289ea74db4c7a616170219959ac5300e0d9ec5427a27e95c7"},
    {file = "PyQt6-6.5.0-cp37-abi3-macosx_10_14_universal2.whl", hash = "sha256:e3c8289d9a509be897265981b77eb29e64ce29e9d221fdf52545c2c95e819c9b"},
    {file = "PyQt6-6.5.0-cp37-abi3-manylinux_2_28_x86_64.whl", hash = "sha256:2b0d9628134811fbfc988d1757111ca8e25cb697f136fa54c969fb1a4d4a61d1"},
    {file = "PyQt6-6.5.0-cp37-abi3-win_amd64.whl", hash = "sha256:99ea0e68f548509b7ef97cded0feeaf3dca7d1fe719388569407326be3be38c2"},
    {file = "PyQt6-6.5.0.tar.gz", hash = "sha256:b97cb4be9b2c8997904ea668cf3b0a4ae5822196f7792590d05ecde6216a9fbc"},
]

[package.dependencies]
PyQt6-Qt6 = ">=6.5.0"
PyQt6-sip = ">=13.4,<14"

[[package]]
name = "pyqt6-qt6"
version = "6.5.0"
description = "The subset of a Qt installation needed by PyQt6."
category = "main"
optional = false
python-versions = "*"
files = [
    {file = "PyQt6_Qt6-6.5.0-py3-none-macosx_10_14_x86_64.whl", hash = "sha256:1178fcd5e9590fec4261e06a753a8fa028222ec0bd9a0788b3bd37720fbbe6cf"},
    {file = "PyQt6_Qt6-6.5.0-py3-none-macosx_11_0_arm64.whl", hash = "sha256:9d82d8af986a0eef55905f309fdda4303d1354eba10175824ae62ab6547f7a96"},
    {file = "PyQt6_Qt6-6.5.0-py3-none-manylinux_2_28_x86_64.whl", hash = "sha256:5f40ef19eb632731828283361f800928517650c74c914c093af9a364d6843953"},
    {file = "PyQt6_Qt6-6.5.0-py3-none-win_amd64.whl", hash = "sha256:8c1f898f4d02a31615fe7613a38f82b489fb2c8554965c917d551470731635a8"},
]

[[package]]
name = "pyqt6-sip"
version = "13.4.1"
description = "The sip module support for PyQt6"
category = "main"
optional = false
python-versions = ">=3.7"
files = [
    {file = "PyQt6_sip-13.4.1-cp310-cp310-macosx_10_9_universal2.whl", hash = "sha256:ee06f255787a0b4957f357f93b78d2a11ca3761916833e3afa83f1381d4d1a46"},
    {file = "PyQt6_sip-13.4.1-cp310-cp310-manylinux_2_5_x86_64.manylinux1_x86_64.whl", hash = "sha256:3a674c591d4274d4ea8127205290e927a7dab0eb87a0038d4f4ea1d430782649"},
    {file = "PyQt6_sip-13.4.1-cp310-cp310-win_amd64.whl", hash = "sha256:3ef9392e4ae29d393b79237d85840cdc6b8831f36eed5d56c7d9b329b380cc8d"},
    {file = "PyQt6_sip-13.4.1-cp311-cp311-macosx_10_9_universal2.whl", hash = "sha256:a2a0461992c6657f343308b150c4d6b57e9e7a0e5c2f79538434e7fb869ea827"},
    {file = "PyQt6_sip-13.4.1-cp311-cp311-manylinux_2_5_x86_64.manylinux1_x86_64.whl", hash = "sha256:5731f22618435654352ef07684549a17be82b75254227fc80b4b5b0b59fc6656"},
    {file = "PyQt6_sip-13.4.1-cp311-cp311-win_amd64.whl", hash = "sha256:fbee0d554e0e98f56dbf6d94b00a28cc32425938ad7ae98fd91f8822c5b24d45"},
    {file = "PyQt6_sip-13.4.1-cp37-cp37m-macosx_10_9_x86_64.whl", hash = "sha256:a81490ee84d7a41a126b116081bd97d758f41bf706aee0a8cec24d6e4c660184"},
    {file = "PyQt6_sip-13.4.1-cp37-cp37m-manylinux_2_5_x86_64.manylinux1_x86_64.whl", hash = "sha256:224575e84805c4317bacd5d1b8e93e0ad5c48685dadbbe1e902d4ebe16f22828"},
    {file = "PyQt6_sip-13.4.1-cp37-cp37m-win_amd64.whl", hash = "sha256:36ae29cdc223cacc1257d0f5075cf81474550c6d26b728f922487a2aa935f130"},
    {file = "PyQt6_sip-13.4.1-cp38-cp38-macosx_10_9_x86_64.whl", hash = "sha256:fcc6d78314783f4a193f02353f431b7ea4d357f47c3c7a7d0740e723f69c64dc"},
    {file = "PyQt6_sip-13.4.1-cp38-cp38-manylinux_2_5_x86_64.manylinux1_x86_64.whl", hash = "sha256:5bc4beb6fb1de4c9ba8beee7b1a4a813fa888c3b095206dafcd25d7e6e4ed2a7"},
    {file = "PyQt6_sip-13.4.1-cp38-cp38-win_amd64.whl", hash = "sha256:0df998f2b6ceeacfd10de773441572e215be0c9cae566cc7dd36e231bf714a12"},
    {file = "PyQt6_sip-13.4.1-cp39-cp39-macosx_10_9_universal2.whl", hash = "sha256:e670a7b2fb7e32204ce67d274017bfff3e21139d217d60cebbfcb75b019c91ee"},
    {file = "PyQt6_sip-13.4.1-cp39-cp39-manylinux_2_5_x86_64.manylinux1_x86_64.whl", hash = "sha256:5c36ab984402e96792eebf4b031abfaa589aa20af3190a79c54502c16964d97e"},
    {file = "PyQt6_sip-13.4.1-cp39-cp39-win_amd64.whl", hash = "sha256:43935873d60f57719632840d517afee04ef8f30e92cfe0dadc7e6326691920fc"},
    {file = "PyQt6_sip-13.4.1.tar.gz", hash = "sha256:e00e287ea05bbc293fc6e2198301962af9b7b622bd2daf4288f925a88ae35dc9"},
]

[[package]]
name = "setuptools"
version = "67.7.2"
description = "Easily download, build, install, upgrade, and uninstall Python packages"
category = "dev"
optional = false
python-versions = ">=3.7"
files = [
    {file = "setuptools-67.7.2-py3-none-any.whl", hash = "sha256:23aaf86b85ca52ceb801d32703f12d77517b2556af839621c641fca11287952b"},
    {file = "setuptools-67.7.2.tar.gz", hash = "sha256:f104fa03692a2602fa0fec6c6a9e63b6c8a968de13e17c026957dd1f53d80990"},
]

[package.extras]
docs = ["furo", "jaraco.packaging (>=9)", "jaraco.tidelift (>=1.4)", "pygments-github-lexers (==0.0.5)", "rst.linker (>=1.9)", "sphinx (>=3.5)", "sphinx-favicon", "sphinx-hoverxref (<2)", "sphinx-inline-tabs", "sphinx-lint", "sphinx-notfound-page (==0.8.3)", "sphinx-reredirects", "sphinxcontrib-towncrier"]
testing = ["build[virtualenv]", "filelock (>=3.4.0)", "flake8 (<5)", "flake8-2020", "ini2toml[lite] (>=0.9)", "jaraco.envs (>=2.2)", "jaraco.path (>=3.2.0)", "pip (>=19.1)", "pip-run (>=8.8)", "pytest (>=6)", "pytest-black (>=0.3.7)", "pytest-checkdocs (>=2.4)", "pytest-cov", "pytest-enabler (>=1.3)", "pytest-flake8", "pytest-mypy (>=0.9.1)", "pytest-perf", "pytest-timeout", "pytest-xdist", "tomli-w (>=1.0.0)", "virtualenv (>=13.0.0)", "wheel"]
testing-integration = ["build[virtualenv]", "filelock (>=3.4.0)", "jaraco.envs (>=2.2)", "jaraco.path (>=3.2.0)", "pytest", "pytest-enabler", "pytest-xdist", "tomli", "virtualenv (>=13.0.0)", "wheel"]

[metadata]
lock-version = "2.0"
python-versions = "^3.10"
content-hash = "f4af0306668a8ce214ff64fd3266637b01376d744e1c463da8f8387b2bdb0590"
